
Microsoft Visual Studio Solution File, Format Version 12.00
# Visual Studio Version 16
VisualStudioVersion = 16.0.30114.105
MinimumVisualStudioVersion = 10.0.40219.1
Project("{2150E333-8FDC-42A3-9474-1A3956D46DE8}") = "src", "src", "{B6E8A325-1780-416C-B0D4-1163BB1FC0AF}"
EndProject
Project("{F2A71F9B-5D33-465A-A702-920D77279786}") = "Web", "src\Web\Web.fsproj", "{D39B276C-845E-431B-A28B-3453EA9ACCD0}"
EndProject
Project("{FAE04EC0-301F-11D3-BF4B-00C04F79EFBC}") = "Auth", "src\Auth\Auth.csproj", "{1F213861-CC1C-48A8-AFAF-3DBB3AC9D186}"
EndProject
Project("{F2A71F9B-5D33-465A-A702-920D77279786}") = "App", "src\App\App.fsproj", "{49DF4F25-2DA5-4B5B-A8BA-6270D2B7263D}"
EndProject
Global
	GlobalSection(SolutionConfigurationPlatforms) = preSolution
		Debug|Any CPU = Debug|Any CPU
		Debug|x64 = Debug|x64
		Debug|x86 = Debug|x86
		Release|Any CPU = Release|Any CPU
		Release|x64 = Release|x64
		Release|x86 = Release|x86
	EndGlobalSection
	GlobalSection(SolutionProperties) = preSolution
		HideSolutionNode = FALSE
	EndGlobalSection
	GlobalSection(ProjectConfigurationPlatforms) = postSolution
		{D39B276C-845E-431B-A28B-3453EA9ACCD0}.Debug|Any CPU.ActiveCfg = Debug|Any CPU
		{D39B276C-845E-431B-A28B-3453EA9ACCD0}.Debug|Any CPU.Build.0 = Debug|Any CPU
		{D39B276C-845E-431B-A28B-3453EA9ACCD0}.Debug|x64.ActiveCfg = Debug|Any CPU
		{D39B276C-845E-431B-A28B-3453EA9ACCD0}.Debug|x64.Build.0 = Debug|Any CPU
		{D39B276C-845E-431B-A28B-3453EA9ACCD0}.Debug|x86.ActiveCfg = Debug|Any CPU
		{D39B276C-845E-431B-A28B-3453EA9ACCD0}.Debug|x86.Build.0 = Debug|Any CPU
		{D39B276C-845E-431B-A28B-3453EA9ACCD0}.Release|Any CPU.ActiveCfg = Release|Any CPU
		{D39B276C-845E-431B-A28B-3453EA9ACCD0}.Release|Any CPU.Build.0 = Release|Any CPU
		{D39B276C-845E-431B-A28B-3453EA9ACCD0}.Release|x64.ActiveCfg = Release|Any CPU
		{D39B276C-845E-431B-A28B-3453EA9ACCD0}.Release|x64.Build.0 = Release|Any CPU
		{D39B276C-845E-431B-A28B-3453EA9ACCD0}.Release|x86.ActiveCfg = Release|Any CPU
		{D39B276C-845E-431B-A28B-3453EA9ACCD0}.Release|x86.Build.0 = Release|Any CPU
		{1F213861-CC1C-48A8-AFAF-3DBB3AC9D186}.Debug|Any CPU.ActiveCfg = Debug|Any CPU
		{1F213861-CC1C-48A8-AFAF-3DBB3AC9D186}.Debug|Any CPU.Build.0 = Debug|Any CPU
		{1F213861-CC1C-48A8-AFAF-3DBB3AC9D186}.Debug|x64.ActiveCfg = Debug|Any CPU
		{1F213861-CC1C-48A8-AFAF-3DBB3AC9D186}.Debug|x64.Build.0 = Debug|Any CPU
		{1F213861-CC1C-48A8-AFAF-3DBB3AC9D186}.Debug|x86.ActiveCfg = Debug|Any CPU
		{1F213861-CC1C-48A8-AFAF-3DBB3AC9D186}.Debug|x86.Build.0 = Debug|Any CPU
		{1F213861-CC1C-48A8-AFAF-3DBB3AC9D186}.Release|Any CPU.ActiveCfg = Release|Any CPU
		{1F213861-CC1C-48A8-AFAF-3DBB3AC9D186}.Release|Any CPU.Build.0 = Release|Any CPU
		{1F213861-CC1C-48A8-AFAF-3DBB3AC9D186}.Release|x64.ActiveCfg = Release|Any CPU
		{1F213861-CC1C-48A8-AFAF-3DBB3AC9D186}.Release|x64.Build.0 = Release|Any CPU
		{1F213861-CC1C-48A8-AFAF-3DBB3AC9D186}.Release|x86.ActiveCfg = Release|Any CPU
		{1F213861-CC1C-48A8-AFAF-3DBB3AC9D186}.Release|x86.Build.0 = Release|Any CPU
		{49DF4F25-2DA5-4B5B-A8BA-6270D2B7263D}.Debug|Any CPU.ActiveCfg = Debug|Any CPU
		{49DF4F25-2DA5-4B5B-A8BA-6270D2B7263D}.Debug|Any CPU.Build.0 = Debug|Any CPU
		{49DF4F25-2DA5-4B5B-A8BA-6270D2B7263D}.Debug|x64.ActiveCfg = Debug|Any CPU
		{49DF4F25-2DA5-4B5B-A8BA-6270D2B7263D}.Debug|x64.Build.0 = Debug|Any CPU
		{49DF4F25-2DA5-4B5B-A8BA-6270D2B7263D}.Debug|x86.ActiveCfg = Debug|Any CPU
		{49DF4F25-2DA5-4B5B-A8BA-6270D2B7263D}.Debug|x86.Build.0 = Debug|Any CPU
		{49DF4F25-2DA5-4B5B-A8BA-6270D2B7263D}.Release|Any CPU.ActiveCfg = Release|Any CPU
		{49DF4F25-2DA5-4B5B-A8BA-6270D2B7263D}.Release|Any CPU.Build.0 = Release|Any CPU
		{49DF4F25-2DA5-4B5B-A8BA-6270D2B7263D}.Release|x64.ActiveCfg = Release|Any CPU
		{49DF4F25-2DA5-4B5B-A8BA-6270D2B7263D}.Release|x64.Build.0 = Release|Any CPU
		{49DF4F25-2DA5-4B5B-A8BA-6270D2B7263D}.Release|x86.ActiveCfg = Release|Any CPU
		{49DF4F25-2DA5-4B5B-A8BA-6270D2B7263D}.Release|x86.Build.0 = Release|Any CPU
	EndGlobalSection
	GlobalSection(NestedProjects) = preSolution
		{D39B276C-845E-431B-A28B-3453EA9ACCD0} = {B6E8A325-1780-416C-B0D4-1163BB1FC0AF}
		{1F213861-CC1C-48A8-AFAF-3DBB3AC9D186} = {B6E8A325-1780-416C-B0D4-1163BB1FC0AF}
		{49DF4F25-2DA5-4B5B-A8BA-6270D2B7263D} = {B6E8A325-1780-416C-B0D4-1163BB1FC0AF}
	EndGlobalSection
EndGlobal
